
Microsoft Visual Studio Solution File, Format Version 12.00
# Visual Studio 15
VisualStudioVersion = 15.0.28307.271
MinimumVisualStudioVersion = 10.0.40219.1
Project("{888888A0-9F3D-457C-B088-3A5042F75D52}") = "CameraFunc", "PythonApplication1\CameraFunc.pyproj", "{DD4F83E7-615F-4614-84B4-DFE5C1F7C2ED}"
EndProject
Global
	GlobalSection(SolutionConfigurationPlatforms) = preSolution
		Debug|Any CPU = Debug|Any CPU
		Release|Any CPU = Release|Any CPU
	EndGlobalSection
	GlobalSection(ProjectConfigurationPlatforms) = postSolution
		{DD4F83E7-615F-4614-84B4-DFE5C1F7C2ED}.Debug|Any CPU.ActiveCfg = Debug|Any CPU
		{DD4F83E7-615F-4614-84B4-DFE5C1F7C2ED}.Release|Any CPU.ActiveCfg = Release|Any CPU
	EndGlobalSection
	GlobalSection(SolutionProperties) = preSolution
		HideSolutionNode = FALSE
	EndGlobalSection
	GlobalSection(ExtensibilityGlobals) = postSolution
		SolutionGuid = {C3667AB1-7912-4ECB-AA07-99049742EE6D}
	EndGlobalSection
EndGlobal
